lockfileVersion: '9.0'

settings:
  autoInstallPeers: true
  excludeLinksFromLockfile: false

importers:

  .:
    dependencies:
      '@tabler/core':
        specifier: 1.4.0
        version: 1.4.0
      '@tabler/icons-webfont':
        specifier: 3.34.1
        version: 3.34.1
      flatpickr:
        specifier: 4.6.13
        version: 4.6.13
      frappe-gantt:
        specifier: ^1.2.2
        version: 1.2.2
      htmx.org:
        specifier: 2.0.8
        version: 2.0.8
      leaflet:
        specifier: 1.9.4
        version: 1.9.4
      leaflet-ant-path:
        specifier: 1.3.0
        version: 1.3.0
      leaflet.fullscreen:
        specifier: 5.3.1
        version: 5.3.1(leaflet@1.9.4)
      photoswipe:
        specifier: ^5.4.4
        version: 5.4.4
      three:
        specifier: 0.183.2
        version: 0.183.2
      three-globe:
        specifier: 2.45.2
        version: 2.45.2(three@0.183.2)
    devDependencies:
      '@biomejs/biome':
        specifier: ^2.4.14
        version: 2.4.14
      postcss:
        specifier: ^8.5.13
        version: 8.5.13
      postcss-cli:
        specifier: ^11.0.1
        version: 11.0.1(postcss@8.5.13)
      postcss-import:
        specifier: ^16.1.1
        version: 16.1.1(postcss@8.5.13)

packages:

  '@biomejs/biome@2.4.14':
    resolution: {integrity: sha512-TmAvxOEgrpLypzVGJ8FulIZnlyA9TxrO1hyqYrCz9r+bwma9xXxuLA5IuYnj55XQneFx460KjRbx6SWGLkg3bQ==}
    engines: {node: '>=14.21.3'}
    hasBin: true

  '@biomejs/cli-darwin-arm64@2.4.14':
    resolution: {integrity: sha512-XvgoE9XOawUOQPdmvs4J7wPhi/DLwSCGks3AlPJDmh34O0awRTqCED1HRcRDdpf1Zrp4us4MGOOdIxNpbqNF5Q==}
    engines: {node: '>=14.21.3'}
    cpu: [arm64]
    os: [darwin]

  '@biomejs/cli-darwin-x64@2.4.14':
    resolution: {integrity: sha512-jE7hKBCFhOx3uUh+ZkWBfOHxAcILPfhFplNkuID/eZeSTLHzfZzoZxW8fbqY9xXRnPi7jGNAf1iPVR+0yWsM/Q==}
    engines: {node: '>=14.21.3'}
    cpu: [x64]
    os: [darwin]

  '@biomejs/cli-linux-arm64-musl@2.4.14':
    resolution: {integrity: sha512-/z+6gqAqqUQTHazwStxSXKHg9b8UvqBmDFRp+c4wYbq2KXhELQDon9EoC9RpmQ8JWkqQx/lIUy/cs+MhzDZp6A==}
    engines: {node: '>=14.21.3'}
    cpu: [arm64]
    os: [linux]

  '@biomejs/cli-linux-arm64@2.4.14':
    resolution: {integrity: sha512-2TELhZnW5RSLL063l9rc5xLpA0ZIw0Ccwy/0q384rvNAgFw3yI76bd59547yxowdQr5MNPET/xDLrLuvgSeeWQ==}
    engines: {node: '>=14.21.3'}
    cpu: [arm64]
    os: [linux]

  '@biomejs/cli-linux-x64-musl@2.4.14':
    resolution: {integrity: sha512-R6BWgJdQOwW9ulJatuTVrQkjnODjqHZkKNOqb1sz++3Noe5LYd0i3PchnOBUCYAPHoPWHhjJqbdZlHEu0hpjdA==}
    engines: {node: '>=14.21.3'}
    cpu: [x64]
    os: [linux]

  '@biomejs/cli-linux-x64@2.4.14':
    resolution: {integrity: sha512-zHrlQZDBDUz4OLAraYpWKcnLS6HOewBFWYOzY91d1ZjdqZwibOyb6BEu6WuWLugyo0P3riCmsbV9UqV1cSXwQg==}
    engines: {node: '>=14.21.3'}
    cpu: [x64]
    os: [linux]

  '@biomejs/cli-win32-arm64@2.4.14':
    resolution: {integrity: sha512-M3EH5hqOI/F/FUA2u4xcLoUgmxd218mvuj/6JL7Hv2toQvr2/AdOvKSpGkoRuWFCtQPVa+ZqkEV3Q5xBA9+XSA==}
    engines: {node: '>=14.21.3'}
    cpu: [arm64]
    os: [win32]

  '@biomejs/cli-win32-x64@2.4.14':
    resolution: {integrity: sha512-WL0EG5qE+EAKomGXbf2g6VnSKJhTL3tXC0QRzWRwA5VpjxNYa6H4P7ZWfymbGE4IhZZQi1KXQ2R0YjwInmz2fA==}
    engines: {node: '>=14.21.3'}
    cpu: [x64]
    os: [win32]

  '@emnapi/runtime@1.10.0':
    resolution: {integrity: sha512-ewvYlk86xUoGI0zQRNq/mC+16R1QeDlKQy21Ki3oSYXNgLb45GV1P6A0M+/s6nyCuNDqe5VpaY84BzXGwVbwFA==}

  '@img/colour@1.1.0':
    resolution: {integrity: sha512-Td76q7j57o/tLVdgS746cYARfSyxk8iEfRxewL9h4OMzYhbW4TAcppl0mT4eyqXddh6L/jwoM75mo7ixa/pCeQ==}
    engines: {node: '>=18'}

  '@img/sharp-darwin-arm64@0.34.5':
    resolution: {integrity: sha512-imtQ3WMJXbMY4fxb/Ndp6HBTNVtWCUI0WdobyheGf5+ad6xX8VIDO8u2xE4qc/fr08CKG/7dDseFtn6M6g/r3w==}
    engines: {node: ^18.17.0 || ^20.3.0 || >=21.0.0}
    cpu: [arm64]
    os: [darwin]

  '@img/sharp-darwin-x64@0.34.5':
    resolution: {integrity: sha512-YNEFAF/4KQ/PeW0N+r+aVVsoIY0/qxxikF2SWdp+NRkmMB7y9LBZAVqQ4yhGCm/H3H270OSykqmQMKLBhBJDEw==}
    engines: {node: ^18.17.0 || ^20.3.0 || >=21.0.0}
    cpu: [x64]
    os: [darwin]

  '@img/sharp-libvips-darwin-arm64@1.2.4':
    resolution: {integrity: sha512-zqjjo7RatFfFoP0MkQ51jfuFZBnVE2pRiaydKJ1G/rHZvnsrHAOcQALIi9sA5co5xenQdTugCvtb1cuf78Vf4g==}
    cpu: [arm64]
    os: [darwin]

  '@img/sharp-libvips-darwin-x64@1.2.4':
    resolution: {integrity: sha512-1IOd5xfVhlGwX+zXv2N93k0yMONvUlANylbJw1eTah8K/Jtpi15KC+WSiaX/nBmbm2HxRM1gZ0nSdjSsrZbGKg==}
    cpu: [x64]
    os: [darwin]

  '@img/sharp-libvips-linux-arm64@1.2.4':
    resolution: {integrity: sha512-excjX8DfsIcJ10x1Kzr4RcWe1edC9PquDRRPx3YVCvQv+U5p7Yin2s32ftzikXojb1PIFc/9Mt28/y+iRklkrw==}
    cpu: [arm64]
    os: [linux]

  '@img/sharp-libvips-linux-arm@1.2.4':
    resolution: {integrity: sha512-bFI7xcKFELdiNCVov8e44Ia4u2byA+l3XtsAj+Q8tfCwO6BQ8iDojYdvoPMqsKDkuoOo+X6HZA0s0q11ANMQ8A==}
    cpu: [arm]
    os: [linux]

  '@img/sharp-libvips-linux-ppc64@1.2.4':
    resolution: {integrity: sha512-FMuvGijLDYG6lW+b/UvyilUWu5Ayu+3r2d1S8notiGCIyYU/76eig1UfMmkZ7vwgOrzKzlQbFSuQfgm7GYUPpA==}
    cpu: [ppc64]
    os: [linux]

  '@img/sharp-libvips-linux-riscv64@1.2.4':
    resolution: {integrity: sha512-oVDbcR4zUC0ce82teubSm+x6ETixtKZBh/qbREIOcI3cULzDyb18Sr/Wcyx7NRQeQzOiHTNbZFF1UwPS2scyGA==}
    cpu: [riscv64]
    os: [linux]

  '@img/sharp-libvips-linux-s390x@1.2.4':
    resolution: {integrity: sha512-qmp9VrzgPgMoGZyPvrQHqk02uyjA0/QrTO26Tqk6l4ZV0MPWIW6LTkqOIov+J1yEu7MbFQaDpwdwJKhbJvuRxQ==}
    cpu: [s390x]
    os: [linux]

  '@img/sharp-libvips-linux-x64@1.2.4':
    resolution: {integrity: sha512-tJxiiLsmHc9Ax1bz3oaOYBURTXGIRDODBqhveVHonrHJ9/+k89qbLl0bcJns+e4t4rvaNBxaEZsFtSfAdquPrw==}
    cpu: [x64]
    os: [linux]

  '@img/sharp-libvips-linuxmusl-arm64@1.2.4':
    resolution: {integrity: sha512-FVQHuwx1IIuNow9QAbYUzJ+En8KcVm9Lk5+uGUQJHaZmMECZmOlix9HnH7n1TRkXMS0pGxIJokIVB9SuqZGGXw==}
    cpu: [arm64]
    os: [linux]

  '@img/sharp-libvips-linuxmusl-x64@1.2.4':
    resolution: {integrity: sha512-+LpyBk7L44ZIXwz/VYfglaX/okxezESc6UxDSoyo2Ks6Jxc4Y7sGjpgU9s4PMgqgjj1gZCylTieNamqA1MF7Dg==}
    cpu: [x64]
    os: [linux]

  '@img/sharp-linux-arm64@0.34.5':
    resolution: {integrity: sha512-bKQzaJRY/bkPOXyKx5EVup7qkaojECG6NLYswgktOZjaXecSAeCWiZwwiFf3/Y+O1HrauiE3FVsGxFg8c24rZg==}
    engines: {node: ^18.17.0 || ^20.3.0 || >=21.0.0}
    cpu: [arm64]
    os: [linux]

  '@img/sharp-linux-arm@0.34.5':
    resolution: {integrity: sha512-9dLqsvwtg1uuXBGZKsxem9595+ujv0sJ6Vi8wcTANSFpwV/GONat5eCkzQo/1O6zRIkh0m/8+5BjrRr7jDUSZw==}
    engines: {node: ^18.17.0 || ^20.3.0 || >=21.0.0}
    cpu: [arm]
    os: [linux]

  '@img/sharp-linux-ppc64@0.34.5':
    resolution: {integrity: sha512-7zznwNaqW6YtsfrGGDA6BRkISKAAE1Jo0QdpNYXNMHu2+0dTrPflTLNkpc8l7MUP5M16ZJcUvysVWWrMefZquA==}
    engines: {node: ^18.17.0 || ^20.3.0 || >=21.0.0}
    cpu: [ppc64]
    os: [linux]

  '@img/sharp-linux-riscv64@0.34.5':
    resolution: {integrity: sha512-51gJuLPTKa7piYPaVs8GmByo7/U7/7TZOq+cnXJIHZKavIRHAP77e3N2HEl3dgiqdD/w0yUfiJnII77PuDDFdw==}
    engines: {node: ^18.17.0 || ^20.3.0 || >=21.0.0}
    cpu: [riscv64]
    os: [linux]

  '@img/sharp-linux-s390x@0.34.5':
    resolution: {integrity: sha512-nQtCk0PdKfho3eC5MrbQoigJ2gd1CgddUMkabUj+rBevs8tZ2cULOx46E7oyX+04WGfABgIwmMC0VqieTiR4jg==}
    engines: {node: ^18.17.0 || ^20.3.0 || >=21.0.0}
    cpu: [s390x]
    os: [linux]

  '@img/sharp-linux-x64@0.34.5':
    resolution: {integrity: sha512-MEzd8HPKxVxVenwAa+JRPwEC7QFjoPWuS5NZnBt6B3pu7EG2Ge0id1oLHZpPJdn3OQK+BQDiw9zStiHBTJQQQQ==}
    engines: {node: ^18.17.0 || ^20.3.0 || >=21.0.0}
    cpu: [x64]
    os: [linux]

  '@img/sharp-linuxmusl-arm64@0.34.5':
    resolution: {integrity: sha512-fprJR6GtRsMt6Kyfq44IsChVZeGN97gTD331weR1ex1c1rypDEABN6Tm2xa1wE6lYb5DdEnk03NZPqA7Id21yg==}
    engines: {node: ^18.17.0 || ^20.3.0 || >=21.0.0}
    cpu: [arm64]
    os: [linux]

  '@img/sharp-linuxmusl-x64@0.34.5':
    resolution: {integrity: sha512-Jg8wNT1MUzIvhBFxViqrEhWDGzqymo3sV7z7ZsaWbZNDLXRJZoRGrjulp60YYtV4wfY8VIKcWidjojlLcWrd8Q==}
    engines: {node: ^18.17.0 || ^20.3.0 || >=21.0.0}
    cpu: [x64]
    os: [linux]

  '@img/sharp-wasm32@0.34.5':
    resolution: {integrity: sha512-OdWTEiVkY2PHwqkbBI8frFxQQFekHaSSkUIJkwzclWZe64O1X4UlUjqqqLaPbUpMOQk6FBu/HtlGXNblIs0huw==}
    engines: {node: ^18.17.0 || ^20.3.0 || >=21.0.0}
    cpu: [wasm32]

  '@img/sharp-win32-arm64@0.34.5':
    resolution: {integrity: sha512-WQ3AgWCWYSb2yt+IG8mnC6Jdk9Whs7O0gxphblsLvdhSpSTtmu69ZG1Gkb6NuvxsNACwiPV6cNSZNzt0KPsw7g==}
    engines: {node: ^18.17.0 || ^20.3.0 || >=21.0.0}
    cpu: [arm64]
    os: [win32]

  '@img/sharp-win32-ia32@0.34.5':
    resolution: {integrity: sha512-FV9m/7NmeCmSHDD5j4+4pNI8Cp3aW+JvLoXcTUo0IqyjSfAZJ8dIUmijx1qaJsIiU+Hosw6xM5KijAWRJCSgNg==}
    engines: {node: ^18.17.0 || ^20.3.0 || >=21.0.0}
    cpu: [ia32]
    os: [win32]

  '@img/sharp-win32-x64@0.34.5':
    resolution: {integrity: sha512-+29YMsqY2/9eFEiW93eqWnuLcWcufowXewwSNIT6UwZdUUCrM3oFjMWH/Z6/TMmb4hlFenmfAVbpWeup2jryCw==}
    engines: {node: ^18.17.0 || ^20.3.0 || >=21.0.0}
    cpu: [x64]
    os: [win32]

  '@popperjs/core@2.11.8':
    resolution: {integrity: sha512-P1st0aksCrn9sGZhp8GMYwBnQsbvAWsZAX44oXNNvLHGqAOcoVxmjZiohstwQ7SqKnbR47akdNi+uleWD8+g6A==}

  '@tabler/core@1.4.0':
    resolution: {integrity: sha512-5BigzOlbOH9N0Is4u0rYNRCiwtnUXWO57K9zwuscygcicAa8UV9MGaS4zTgQsZEtZ9tsNANhN/YD8gCBGKYCiw==}
    engines: {node: '>=20'}

  '@tabler/icons-webfont@3.34.1':
    resolution: {integrity: sha512-sDivdBYt4lTY7pAv+MV1t9bzIWe5d0BLBal6dmk/lqnjsMSVBoi6ESLsSWVKGs7/ux5QHwz+/Ai9m5znZ9cw8g==}

  '@tabler/icons@3.34.1':
    resolution: {integrity: sha512-9gTnUvd7Fd/DmQgr3MKY+oJLa1RfNsQo8c/ir3TJAWghOuZXodbtbVp0QBY2DxWuuvrSZFys0HEbv1CoiI5y6A==}

  '@turf/boolean-point-in-polygon@7.3.5':
    resolution: {integrity: sha512-ba7+B0wzaS9GtERZOoXUZ6oW8IcIJHNQZf3c+tiD9ESjcsPO1Q/4qIJGTKl92nBLhhracHJxMWBM/U6hAVkaRg==}

  '@turf/helpers@7.3.5':
    resolution: {integrity: sha512-E/NMGV5MwbjjP7AJXBtsanC3yY8N2MQ87IGdIgkB2ji5AtBpwnH4L3gEqpYN4RlCJJWbLbzO91BbKv2waUd0eg==}

  '@turf/invariant@7.3.5':
    resolution: {integrity: sha512-ZVIvsBvjr8lO7WxC5zYNjRsjSDvyGvWkJMjuWaJjTU8x+1tmfNnw3gDX/TI2Sit83gcRYLYkNo23lB/udqx/Hg==}

  '@tweenjs/tween.js@25.0.0':
    resolution: {integrity: sha512-XKLA6syeBUaPzx4j3qwMqzzq+V4uo72BnlbOjmuljLrRqdsd3qnzvZZoxvMHZ23ndsRS4aufU6JOZYpCbU6T1A==}

  '@types/geojson@7946.0.16':
    resolution: {integrity: sha512-6C8nqWur3j98U6+lXDfTUWIfgvZU+EumvpHKcYjujKH7woYyLj2sUmff0tRhrqM7BohUw7Pz3ZB1jj2gW9Fvmg==}

  accessor-fn@1.5.3:
    resolution: {integrity: sha512-rkAofCwe/FvYFUlMB0v0gWmhqtfAtV1IUkdPbfhTUyYniu5LrC0A0UJkTH0Jv3S8SvwkmfuAlY+mQIJATdocMA==}
    engines: {node: '>=12'}

  ansi-regex@5.0.1:
    resolution: {integrity: sha512-quJQXlTSUGL2LH9SUXo8VwsY4soanhgo6LNSm84E1LBcE8s3O0wpdiRzyR9z/ZZJMlMWv37qOOb9pdJlMUEKFQ==}
    engines: {node: '>=8'}

  ansi-styles@4.3.0:
    resolution: {integrity: sha512-zbB9rCJAT1rbjiVDb2hqKFHNYLxgtk8NURxZ3IZwD3F6NtxbXZQCnnSi1Lkx+IDohdPlFp222wVALIheZJQSEg==}
    engines: {node: '>=8'}

  anymatch@3.1.3:
    resolution: {integrity: sha512-KMReFUr0B4t+D+OBkjR3KYqvocp2XaSzO55UcB6mgQMd3KbcE+mWTyvVV7D/zsdEbNnV6acZUutkiHQXvTr1Rw==}
    engines: {node: '>= 8'}

  binary-extensions@2.3.0:
    resolution: {integrity: sha512-Ceh+7ox5qe7LJuLHoY0feh3pHuUDHAcRUeyL2VYghZwfpkNIy/+8Ocg0a3UuSoYzavmylwuLWQOf3hl0jjMMIw==}
    engines: {node: '>=8'}

  bootstrap@5.3.7:
    resolution: {integrity: sha512-7KgiD8UHjfcPBHEpDNg+zGz8L3LqR3GVwqZiBRFX04a1BCArZOz1r2kjly2HQ0WokqTO0v1nF+QAt8dsW4lKlw==}
    peerDependencies:
      '@popperjs/core': ^2.11.8

  braces@3.0.3:
    resolution: {integrity: sha512-yQbXgO/OSZVD2IsiLlro+7Hf6Q18EJrKSEsdoMzKePKXct3gvD8oLcOQdIzGupr5Fj+EDe8gO/lxc1BzfMpxvA==}
    engines: {node: '>=8'}

  chokidar@3.6.0:
    resolution: {integrity: sha512-7VT13fmjotKpGipCW9JEQAusEPE+Ei8nl6/g4FBAmIm0GOOLMua9NDDo/DWp0ZAxCr3cPq5ZpBqmPAQgDda2Pw==}
    engines: {node: '>= 8.10.0'}

  cliui@8.0.1:
    resolution: {integrity: sha512-BSeNnyus75C4//NQ9gQt1/csTXyo/8Sb+afLAkzAptFuMsod9HFokGNudZpi/oQV73hnVK+sR+5PVRMd+Dr7YQ==}
    engines: {node: '>=12'}

  color-convert@2.0.1:
    resolution: {integrity: sha512-RRECPsj7iu/xb5oKYcsFHSppFNnsj/52OVTRKb4zP5onXwVF3zVmmToNcOfGC+CRDpfK/U584fMg38ZHCaElKQ==}
    engines: {node: '>=7.0.0'}

  color-name@1.1.4:
    resolution: {integrity: sha512-dOy+3AuW3a2wNbZHIuMZpTcgjGuLU/uBL/ubcZF9OXbDo8ff4O8yVp5Bf0efS8uEoYo5q4Fx7dY9OgQGXgAsQA==}

  d3-array@3.2.4:
    resolution: {integrity: sha512-tdQAmyA18i4J7wprpYq8ClcxZy3SC31QMeByyCFyRt7BVHdREQZ5lpzoe5mFEYZUWe+oq8HBvk9JjpibyEV4Jg==}
    engines: {node: '>=12'}

  d3-color@3.1.0:
    resolution: {integrity: sha512-zg/chbXyeBtMQ1LbD/WSoW2DpC3I0mpmPdW+ynRTj/x2DAWYrIY7qeZIHidozwV24m4iavr15lNwIwLxRmOxhA==}
    engines: {node: '>=12'}

  d3-delaunay@6.0.4:
    resolution: {integrity: sha512-mdjtIZ1XLAM8bm/hx3WwjfHt6Sggek7qH043O8KEjDXN40xi3vx/6pYSVTwLjEgiXQTbvaouWKynLBiUZ6SK6A==}
    engines: {node: '>=12'}

  d3-format@3.1.2:
    resolution: {integrity: sha512-AJDdYOdnyRDV5b6ArilzCPPwc1ejkHcoyFarqlPqT7zRYjhavcT3uSrqcMvsgh2CgoPbK3RCwyHaVyxYcP2Arg==}
    engines: {node: '>=12'}

  d3-geo-voronoi@2.1.0:
    resolution: {integrity: sha512-kqE4yYuOjPbKdBXG0xztCacPwkVSK2REF1opSNrnqqtXJmNcM++UbwQ8SxvwP6IQTj9RvIjjK4qeiVsEfj0Z2Q==}
    engines: {node: '>=12'}

  d3-geo@3.1.1:
    resolution: {integrity: sha512-637ln3gXKXOwhalDzinUgY83KzNWZRKbYubaG+fGVuc/dxO64RRljtCTnf5ecMyE1RIdtqpkVcq0IbtU2S8j2Q==}
    engines: {node: '>=12'}

  d3-interpolate@3.0.1:
    resolution: {integrity: sha512-3bYs1rOD33uo8aqJfKP3JWPAibgw8Zm2+L9vBKEHJ2Rg+viTR7o5Mmv5mZcieN+FRYaAOWX5SJATX6k1PWz72g==}
    engines: {node: '>=12'}

  d3-octree@1.1.0:
    resolution: {integrity: sha512-F8gPlqpP+HwRPMO/8uOu5wjH110+6q4cgJvgJT6vlpy3BEaDIKlTZrgHKZSp/i1InRpVfh4puY/kvL6MxK930A==}

  d3-scale-chromatic@3.1.0:
    resolution: {integrity: sha512-A3s5PWiZ9YCXFye1o246KoscMWqf8BsD9eRiJ3He7C9OBaxKhAd5TFCdEx/7VbKtxxTsu//1mMJFrEt572cEyQ==}
    engines: {node: '>=12'}

  d3-scale@4.0.2:
    resolution: {integrity: sha512-GZW464g1SH7ag3Y7hXjf8RoUuAFIqklOAq3MRl4OaWabTFJY9PN/E1YklhXLh+OQ3fM9yS2nOkCoS+WLZ6kvxQ==}
    engines: {node: '>=12'}

  d3-time-format@4.1.0:
    resolution: {integrity: sha512-dJxPBlzC7NugB2PDLwo9Q8JiTR3M3e4/XANkreKSUxF8vvXKqm1Yfq4Q5dl8budlunRVlUUaDUgFt7eA8D6NLg==}
    engines: {node: '>=12'}

  d3-time@3.1.0:
    resolution: {integrity: sha512-VqKjzBLejbSMT4IgbmVgDjpkYrNWUYJnbCGo874u7MMKIWsILRX+OpX/gTk8MqjpT1A/c6HY2dCA77ZN0lkQ2Q==}
    engines: {node: '>=12'}

  d3-tricontour@1.1.0:
    resolution: {integrity: sha512-G7gHKj89n2owmkGb6WX6ixcnQ0Kf/0wpa9VIh9DGdbHu8wdrlaHU4ir3/bFNERl8N8nn4G7e7qbtBG8N9caihQ==}
    engines: {node: '>=12'}

  data-bind-mapper@1.0.3:
    resolution: {integrity: sha512-QmU3lyEnbENQPo0M1F9BMu4s6cqNNp8iJA+b/HP2sSb7pf3dxwF3+EP1eO69rwBfH9kFJ1apmzrtogAmVt2/Xw==}
    engines: {node: '>=12'}

  delaunator@5.1.0:
    resolution: {integrity: sha512-AGrQ4QSgssa1NGmWmLPqN5NY2KajF5MqxetNEO+o0n3ZwZZeTmt7bBnvzHWrmkZFxGgr4HdyFgelzgi06otLuQ==}

  dependency-graph@1.0.0:
    resolution: {integrity: sha512-cW3gggJ28HZ/LExwxP2B++aiKxhJXMSIt9K48FOXQkm+vuG5gyatXnLsONRJdzO/7VfjDIiaOOa/bs4l464Lwg==}
    engines: {node: '>=4'}

  detect-libc@2.1.2:
    resolution: {integrity: sha512-Btj2BOOO83o3WyH59e8MgXsxEQVcarkUOpEYrubB0urwnN10yQ364rsiByU11nZlqWYZm05i/of7io4mzihBtQ==}
    engines: {node: '>=8'}

  earcut@3.0.2:
    resolution: {integrity: sha512-X7hshQbLyMJ/3RPhyObLARM2sNxxmRALLKx1+NVFFnQ9gKzmCrxm9+uLIAdBcvc8FNLpctqlQ2V6AE92Ol9UDQ==}

  emoji-regex@8.0.0:
    resolution: {integrity: sha512-MSjYzcWNOA0ewAHpz0MxpYFvwg6yjy1NG3xteoqz644VCo/RPgnr1/GGt+ic3iJTzQ8Eu3TdM14SawnVUmGE6A==}

  es-errors@1.3.0:
    resolution: {integrity: sha512-Zf5H2Kxt2xjTvbJvP2ZWLEICxA6j+hAmMzIlypy4xcBg1vKVnx89Wy0GbS+kf5cwCVFFzdCFh2XSCFNULS6csw==}
    engines: {node: '>= 0.4'}

  escalade@3.2.0:
    resolution: {integrity: sha512-WUj2qlxaQtO4g6Pq5c29GTcWGDyd8itL8zTlipgECz3JesAiiOKotd8JU6otB3PACgG6xkJUyVhboMS+bje/jA==}
    engines: {node: '>=6'}

  fdir@6.5.0:
    resolution: {integrity: sha512-tIbYtZbucOs0BRGqPJkshJUYdL+SDH7dVM8gjy+ERp3WAUjLEFJE+02kanyHtwjWOnwrKYBiwAmM0p4kLJAnXg==}
    engines: {node: '>=12.0.0'}
    peerDependencies:
      picomatch: ^3 || ^4
    peerDependenciesMeta:
      picomatch:
        optional: true

  fill-range@7.1.1:
    resolution: {integrity: sha512-YsGpe3WHLK8ZYi4tWDg2Jy3ebRz2rXowDxnld4bkQB00cc/1Zw9AWnC0i9ztDJitivtQvaI9KaLyKrc+hBW0yg==}
    engines: {node: '>=8'}

  flatpickr@4.6.13:
    resolution: {integrity: sha512-97PMG/aywoYpB4IvbvUJi0RQi8vearvU0oov1WW3k0WZPBMrTQVqekSX5CjSG/M4Q3i6A/0FKXC7RyAoAUUSPw==}

  frame-ticker@1.0.3:
    resolution: {integrity: sha512-E0X2u2JIvbEMrqEg5+4BpTqaD22OwojJI63K7MdKHdncjtAhGRbCR8nJCr2vwEt9NWBPCPcu70X9smPviEBy8Q==}

  frappe-gantt@1.2.2:
    resolution: {integrity: sha512-1+uPNRa92LBIeKiZCVhJMiGIifJk5ONaoerXI8eBREXWRZGGoTJR5ATpMpsnAQcyBA6Gnq5wIht4eL+e4eHMBA==}

  fs-extra@11.3.4:
    resolution: {integrity: sha512-CTXd6rk/M3/ULNQj8FBqBWHYBVYybQ3VPBw0xGKFe3tuH7ytT6ACnvzpIQ3UZtB8yvUKC2cXn1a+x+5EVQLovA==}
    engines: {node: '>=14.14'}

  fsevents@2.3.3:
    resolution: {integrity: sha512-5xoDfX+fL7faATnagmWPpbFtwh/R77WmMMqqHGS65C3vvB0YHrgF+B1YmZ3441tMj5n63k0212XNoJwzlhffQw==}
    engines: {node: ^8.16.0 || ^10.6.0 || >=11.0.0}
    os: [darwin]

  function-bind@1.1.2:
    resolution: {integrity: sha512-7XHNxH7qX9xG5mIwxkhumTox/MIRNcOgDrxWsMt2pAr23WHp6MrRlN7FBSFpCpr+oVO0F744iUgR82nJMfG2SA==}

  get-caller-file@2.0.5:
    resolution: {integrity: sha512-DyFP3BM/3YHTQOCUL/w0OZHR0lpKeGrxotcHWcqNEdnltqFwXVfhEBQ94eIo34AfQpo0rGki4cyIiftY06h2Fg==}
    engines: {node: 6.* || 8.* || >= 10.*}

  glob-parent@5.1.2:
    resolution: {integrity: sha512-AOIgSQCepiJYwP3ARnGx+5VnTu2HBYdzbGP45eLw1vr3zB3vZLeyed1sC9hnbcOc9/SrMyM5RPQrkGz4aS9Zow==}
    engines: {node: '>= 6'}

  graceful-fs@4.2.11:
    resolution: {integrity: sha512-RbJ5/jmFcNNCcDV5o9eTnBLJ/HszWV0P73bc+Ff4nS/rJj+YaS6IGyiOL0VoBYX+l1Wrl3k63h/KrH+nhJ0XvQ==}

  h3-js@4.4.0:
    resolution: {integrity: sha512-DvJh07MhGgY2KcC4OeZc8SSyA+ZXpdvoh6uCzGpoKvWtZxJB+g6VXXC1+eWYkaMIsLz7J/ErhOalHCpcs1KYog==}
    engines: {node: '>=4', npm: '>=3', yarn: '>=1.3.0'}

  hasown@2.0.3:
    resolution: {integrity: sha512-ej4AhfhfL2Q2zpMmLo7U1Uv9+PyhIZpgQLGT1F9miIGmiCJIoCgSmczFdrc97mWT4kVY72KA+WnnhJ5pghSvSg==}
    engines: {node: '>= 0.4'}

  htmx.org@2.0.8:
    resolution: {integrity: sha512-fm297iru0iWsNJlBrjvtN7V9zjaxd+69Oqjh4F/Vq9Wwi2kFisLcrLCiv5oBX0KLfOX/zG8AUo9ROMU5XUB44Q==}

  index-array-by@1.4.2:
    resolution: {integrity: sha512-SP23P27OUKzXWEC/TOyWlwLviofQkCSCKONnc62eItjp69yCZZPqDQtr3Pw5gJDnPeUMqExmKydNZaJO0FU9pw==}
    engines: {node: '>=12'}

  internmap@2.0.3:
    resolution: {integrity: sha512-5Hh7Y1wQbvY5ooGgPbDaL5iYLAPzMTUrjMulskHLH6wnv/A+1q5rgEaiuqEjB+oxGXIVZs1FF+R/KPN3ZSQYYg==}
    engines: {node: '>=12'}

  is-binary-path@2.1.0:
    resolution: {integrity: sha512-ZMERYes6pDydyuGidse7OsHxtbI7WVeUEozgR/g7rd0xUimYNlvZRE/K2MgZTjWy725IfelLeVcEM97mmtRGXw==}
    engines: {node: '>=8'}

  is-core-module@2.16.1:
    resolution: {integrity: sha512-UfoeMA6fIJ8wTYFEUjelnaGI67v6+N7qXJEvQuIGa99l4xsCruSYOVSQ0uPANn4dAzm8lkYPaKLrrijLq7x23w==}
    engines: {node: '>= 0.4'}

  is-extglob@2.1.1:
    resolution: {integrity: sha512-SbKbANkN603Vi4jEZv49LeVJMn4yGwsbzZworEoyEiutsN3nJYdbO36zfhGJ6QEDpOZIFkDtnq5JRxmvl3jsoQ==}
    engines: {node: '>=0.10.0'}

  is-fullwidth-code-point@3.0.0:
    resolution: {integrity: sha512-zymm5+u+sCsSWyD9qNaejV3DFvhCKclKdizYaJUuHA83RLjb7nSuGnddCHGv0hk+KY7BMAlsWeK4Ueg6EV6XQg==}
    engines: {node: '>=8'}

  is-glob@4.0.3:
    resolution: {integrity: sha512-xelSayHH36ZgE7ZWhli7pW34hNbNl8Ojv5KVmkJD4hBdD3th8Tfk9vYasLM+mXWOZhFkgZfxhLSnrwRr4elSSg==}
    engines: {node: '>=0.10.0'}

  is-number@7.0.0:
    resolution: {integrity: sha512-41Cifkg6e8TylSpdtTpeLVMqvSBEVzTttHvERD741+pnZ8ANv0004MRL43QKPDlK9cGvNp6NZWZUBlbGXYxxng==}
    engines: {node: '>=0.12.0'}

  jsonfile@6.2.1:
    resolution: {integrity: sha512-zwOTdL3rFQ/lRdBnntKVOX6k5cKJwEc1HdilT71BWEu7J41gXIB2MRp+vxduPSwZJPWBxEzv4yH1wYLJGUHX4Q==}

  kapsule@1.16.3:
    resolution: {integrity: sha512-4+5mNNf4vZDSwPhKprKwz3330iisPrb08JyMgbsdFrimBCKNHecua/WBwvVg3n7vwx0C1ARjfhwIpbrbd9n5wg==}
    engines: {node: '>=12'}

  leaflet-ant-path@1.3.0:
    resolution: {integrity: sha512-wgWWcAD4w8QVguRsHh89NGj5eqwLOP6e/HazunW0fQaytqZqEh3WePWYIrmbUeMcOf2cX/+GecHkFfI5tirS1Q==}

  leaflet.fullscreen@5.3.1:
    resolution: {integrity: sha512-2IO5WJ5xpQWyn2ZLICwwpyiWJ2KdZMuxAUCsrK7b4dj770GZ/zwPp4uVQNKOxqnz9xRWEN1d2VNpLaX4ptSdnA==}
    peerDependencies:
      leaflet: ^1.7.0 || >=2.0.0-alpha.1

  leaflet@1.9.4:
    resolution: {integrity: sha512-nxS1ynzJOmOlHp+iL3FyWqK89GtNL8U8rvlMOsQdTTssxZwCXh8N2NB3GDQOL+YR3XnWyZAxwQixURb+FA74PA==}

  lilconfig@3.1.3:
    resolution: {integrity: sha512-/vlFKAoH5Cgt3Ie+JLhRbwOsCQePABiU3tJ1egGvyQ+33R/vcwM2Zl2QR/LzjsBeItPt3oSVXapn+m4nQDvpzw==}
    engines: {node: '>=14'}

  lodash-es@4.18.1:
    resolution: {integrity: sha512-J8xewKD/Gk22OZbhpOVSwcs60zhd95ESDwezOFuA3/099925PdHJ7OFHNTGtajL3AlZkykD32HykiMo+BIBI8A==}

  nanoid@3.3.12:
    resolution: {integrity: sha512-ZB9RH/39qpq5Vu6Y+NmUaFhQR6pp+M2Xt76XBnEwDaGcVAqhlvxrl3B2bKS5D3NH3QR76v3aSrKaF/Kiy7lEtQ==}
    engines: {node: ^10 || ^12 || ^13.7 || ^14 || >=15.0.1}
    hasBin: true

  normalize-path@3.0.0:
    resolution: {integrity: sha512-6eZs5Ls3WtCisHWp9S2GUy8dqkpGi4BVSz3GaqiE6ezub0512ESztXUwUB6C6IKbQkY2Pnb/mD4WYojCRwcwLA==}
    engines: {node: '>=0.10.0'}

  path-parse@1.0.7:
    resolution: {integrity: sha512-LDJzPVEEEPR+y48z93A0Ed0yXb8pAByGWo/k5YYdYgpY2/2EsOsksJrq7lOHxryrVOn1ejG6oAp8ahvOIQD8sw==}

  photoswipe@5.4.4:
    resolution: {integrity: sha512-WNFHoKrkZNnvFFhbHL93WDkW3ifwVOXSW3w1UuZZelSmgXpIGiZSNlZJq37rR8YejqME2rHs9EhH9ZvlvFH2NA==}
    engines: {node: '>= 0.12.0'}

  picocolors@1.1.1:
    resolution: {integrity: sha512-xceH2snhtb5M9liqDsmEw56le376mTZkEX/jEb/RxNFyegNul7eNslCXP9FDj/Lcu0X8KEyMceP2ntpaHrDEVA==}

  picomatch@2.3.2:
    resolution: {integrity: sha512-V7+vQEJ06Z+c5tSye8S+nHUfI51xoXIXjHQ99cQtKUkQqqO1kO/KCJUfZXuB47h/YBlDhah2H3hdUGXn8ie0oA==}
    engines: {node: '>=8.6'}

  picomatch@4.0.4:
    resolution: {integrity: sha512-QP88BAKvMam/3NxH6vj2o21R6MjxZUAd6nlwAS/pnGvN9IVLocLHxGYIzFhg6fUQ+5th6P4dv4eW9jX3DSIj7A==}
    engines: {node: '>=12'}

  pify@2.3.0:
    resolution: {integrity: sha512-udgsAY+fTnvv7kI7aaxbqwWNb0AHiB0qBO89PZKPkoTmGOgdbrHDKD+0B2X4uTfJ/FT1R09r9gTsjUjNJotuog==}
    engines: {node: '>=0.10.0'}

  point-in-polygon-hao@1.2.4:
    resolution: {integrity: sha512-x2pcvXeqhRHlNRdhLs/tgFapAbSSe86wa/eqmj1G6pWftbEs5aVRJhRGM6FYSUERKu0PjekJzMq0gsI2XyiclQ==}

  postcss-cli@11.0.1:
    resolution: {integrity: sha512-0UnkNPSayHKRe/tc2YGW6XnSqqOA9eqpiRMgRlV1S6HdGi16vwJBx7lviARzbV1HpQHqLLRH3o8vTcB0cLc+5g==}
    engines: {node: '>=18'}
    hasBin: true
    peerDependencies:
      postcss: ^8.0.0

  postcss-import@16.1.1:
    resolution: {integrity: sha512-2xVS1NCZAfjtVdvXiyegxzJ447GyqCeEI5V7ApgQVOWnros1p5lGNovJNapwPpMombyFBfqDwt7AD3n2l0KOfQ==}
    engines: {node: '>=18.0.0'}
    peerDependencies:
      postcss: ^8.0.0

  postcss-load-config@5.1.0:
    resolution: {integrity: sha512-G5AJ+IX0aD0dygOE0yFZQ/huFFMSNneyfp0e3/bT05a8OfPC5FUoZRPfGijUdGOJNMewJiwzcHJXFafFzeKFVA==}
    engines: {node: '>= 18'}
    peerDependencies:
      jiti: '>=1.21.0'
      postcss: '>=8.0.9'
      tsx: ^4.8.1
    peerDependenciesMeta:
      jiti:
        optional: true
      postcss:
        optional: true
      tsx:
        optional: true

  postcss-reporter@7.1.0:
    resolution: {integrity: sha512-/eoEylGWyy6/DOiMP5lmFRdmDKThqgn7D6hP2dXKJI/0rJSO1ADFNngZfDzxL0YAxFvws+Rtpuji1YIHj4mySA==}
    engines: {node: '>=10'}
    peerDependencies:
      postcss: ^8.1.0

  postcss-value-parser@4.2.0:
    resolution: {integrity: sha512-1NNCs6uurfkVbeXG4S8JFT9t19m45ICnif8zWLd5oPSZ50QnwMfK+H3jv408d4jw/7Bttv5axS5IiHoLaVNHeQ==}

  postcss@8.5.13:
    resolution: {integrity: sha512-qif0+jGGZoLWdHey3UFHHWP0H7Gbmsk8T5VEqyYFbWqPr1XqvLGBbk/sl8V5exGmcYJklJOhOQq1pV9IcsiFag==}
    engines: {node: ^10 || ^12 || >=14}

  pretty-hrtime@1.0.3:
    resolution: {integrity: sha512-66hKPCr+72mlfiSjlEB1+45IjXSqvVAIy6mocupoww4tBFE9R9IhwwUGoI4G++Tc9Aq+2rxOt0RFU6gPcrte0A==}
    engines: {node: '>= 0.8'}

  read-cache@1.0.0:
    resolution: {integrity: sha512-Owdv/Ft7IjOgm/i0xvNDZ1LrRANRfew4b2prF3OWMQLxLfu3bS8FVhCsrSCMK4lR56Y9ya+AThoTpDCTxCmpRA==}

  readdirp@3.6.0:
    resolution: {integrity: sha512-hOS089on8RduqdbhvQ5Z37A0ESjsqz6qnRcffsMU3495FuTdqSm+7bhJ29JvIOsBDEEnan5DPu9t3To9VRlMzA==}
    engines: {node: '>=8.10.0'}

  require-directory@2.1.1:
    resolution: {integrity: sha512-fGxEI7+wsG9xrvdjsrlmL22OMTTiHRwAMroiEeMgq8gzoLC/PQr7RsRDSTLUg/bZAZtF+TVIkHc6/4RIKrui+Q==}
    engines: {node: '>=0.10.0'}

  resolve@1.22.12:
    resolution: {integrity: sha512-TyeJ1zif53BPfHootBGwPRYT1RUt6oGWsaQr8UyZW/eAm9bKoijtvruSDEmZHm92CwS9nj7/fWttqPCgzep8CA==}
    engines: {node: '>= 0.4'}
    hasBin: true

  robust-predicates@3.0.3:
    resolution: {integrity: sha512-NS3levdsRIUOmiJ8FZWCP7LG3QpJyrs/TE0Zpf1yvZu8cAJJ6QMW92H1c7kWpdIHo8RvmLxN/o2JXTKHp74lUA==}

  semver@7.7.4:
    resolution: {integrity: sha512-vFKC2IEtQnVhpT78h1Yp8wzwrf8CM+MzKMHGJZfBtzhZNycRFnXsHk6E5TxIkkMsgNS7mdX3AGB7x2QM2di4lA==}
    engines: {node: '>=10'}
    hasBin: true

  sharp@0.34.5:
    resolution: {integrity: sha512-Ou9I5Ft9WNcCbXrU9cMgPBcCK8LiwLqcbywW3t4oDV37n1pzpuNLsYiAV8eODnjbtQlSDwZ2cUEeQz4E54Hltg==}
    engines: {node: ^18.17.0 || ^20.3.0 || >=21.0.0}

  simplesignal@2.1.7:
    resolution: {integrity: sha512-PEo2qWpUke7IMhlqiBxrulIFvhJRLkl1ih52Rwa+bPjzhJepcd4GIjn2RiQmFSx3dQvsEAgF0/lXMwMN7vODaA==}

  slash@5.1.0:
    resolution: {integrity: sha512-ZA6oR3T/pEyuqwMgAKT0/hAv8oAXckzbkmR0UkUosQ+Mc4RxGoJkRmwHgHufaenlyAgE1Mxgpdcrf75y6XcnDg==}
    engines: {node: '>=14.16'}

  source-map-js@1.2.1:
    resolution: {integrity: sha512-UXWMKhLOwVKb728IUtQPXxfYU+usdybtUrK/8uGE8CQMvrhOpwvzDBwj0QhSL7MQc7vIsISBG8VQ8+IDQxpfQA==}
    engines: {node: '>=0.10.0'}

  string-width@4.2.3:
    resolution: {integrity: sha512-wKyQRQpjJ0sIp62ErSZdGsjMJWsap5oRNihHhu6G7JVO/9jIB6UyevL+tXuOqrng8j/cxKTWyWUwvSTriiZz/g==}
    engines: {node: '>=8'}

  strip-ansi@6.0.1:
    resolution: {integrity: sha512-Y38VPSHcqkFrCpFnQ9vuSXmquuv5oXOKpGeT6aGrr3o3Gc9AlVa6JBfUSOCnbxGGZF+/0ooI7KrPuUSztUdU5A==}
    engines: {node: '>=8'}

  supports-preserve-symlinks-flag@1.0.0:
    resolution: {integrity: sha512-ot0WnXS9fgdkgIcePe6RHNk1WA8+muPa6cSjeR3V8K27q9BB1rTE3R1p7Hv0z1ZyAc8s6Vvv8DIyWf681MAt0w==}
    engines: {node: '>= 0.4'}

  thenby@1.4.1:
    resolution: {integrity: sha512-D5a/bO0KdalOE3q8MlrRmSxjbKZHT3MQmXkJP+r97Vw8MMwOZKOwUSEyTtK7eSMj2y0kyAjpYMRMZmmLw1FtNQ==}

  three-conic-polygon-geometry@2.1.2:
    resolution: {integrity: sha512-NaP3RWLJIyPGI+zyaZwd0Yj6rkoxm4FJHqAX1Enb4L64oNYLCn4bz1ESgOEYavgcUwCNYINu1AgEoUBJr1wZcA==}
    engines: {node: '>=12'}
    peerDependencies:
      three: '>=0.72.0'

  three-geojson-geometry@2.1.1:
    resolution: {integrity: sha512-dC7bF3ri1goDcihYhzACHOBQqu7YNNazYLa2bSydVIiJUb3jDFojKSy+gNj2pMkqZNSVjssSmdY9zlmnhEpr1w==}
    engines: {node: '>=12'}
    peerDependencies:
      three: '>=0.72.0'

  three-globe@2.45.2:
    resolution: {integrity: sha512-3qJE2LAdyHsUPt02mgMRc+PG3j9kGEA0fUYrwKPGIVtvMR1XjDn9hCXu31AWocdgHOFcXkrRVz7jJZzTIvR0eQ==}
    engines: {node: '>=12'}
    peerDependencies:
      three: '>=0.154'

  three-slippy-map-globe@1.0.6:
    resolution: {integrity: sha512-PCUR+X+1kYFYtQBf8+b/ct8xBHtnkeu7FItRYBeFxyIe3ksnGuLi0H9RAxAfVSSUsZVbKIKNz9q1atEjynrrkg==}
    engines: {node: '>=12'}
    peerDependencies:
      three: '>=0.154'

  three@0.183.2:
    resolution: {integrity: sha512-di3BsL2FEQ1PA7Hcvn4fyJOlxRRgFYBpMTcyOgkwJIaDOdJMebEFPA+t98EvjuljDx4hNulAGwF6KIjtwI5jgQ==}

  tinycolor2@1.6.0:
    resolution: {integrity: sha512-XPaBkWQJdsf3pLKJV9p4qN/S+fm2Oj8AIPo1BTUhg5oxkvm9+SVEGFdhyOz7tTdUTfvxMiAs4sp6/eZO2Ew+pw==}

  tinyglobby@0.2.16:
    resolution: {integrity: sha512-pn99VhoACYR8nFHhxqix+uvsbXineAasWm5ojXoN8xEwK5Kd3/TrhNn1wByuD52UxWRLy8pu+kRMniEi6Eq9Zg==}
    engines: {node: '>=12.0.0'}

  to-regex-range@5.0.1:
    resolution: {integrity: sha512-65P7iz6X5yEr1cwcgvQxbbIw7Uk3gOy5dIdtZ4rDveLqhrdJP+Li/Hx6tyK0NEb+2GCyneCMJiGqrADCSNk8sQ==}
    engines: {node: '>=8.0'}

  tslib@2.8.1:
    resolution: {integrity: sha512-oJFu94HQb+KVduSUQL7wnpmqnfmLsOA/nAh6b6EH0wCEoK0/mPeXU6c3wKDV83MkOuHPRHtSXKKU99IBazS/2w==}

  universalify@2.0.1:
    resolution: {integrity: sha512-gptHNQghINnc/vTGIk0SOFGFNXw7JVrlRUtConJRlvaw6DuX0wO5Jeko9sWrMBhh+PsYAZ7oXAiOnf/UKogyiw==}
    engines: {node: '>= 10.0.0'}

  wrap-ansi@7.0.0:
    resolution: {integrity: sha512-YVGIj2kamLSTxw6NsZjoBxfSwsn0ycdesmc4p+Q21c5zPuZ1pl+NfxVdxPtdHvmNVOQ6XSYG4AUtyt/Fi7D16Q==}
    engines: {node: '>=10'}

  y18n@5.0.8:
    resolution: {integrity: sha512-0pfFzegeDWJHJIAmTLRP2DwHjdF5s7jo9tuztdQxAhINCdvS+3nGINqPd00AphqJR/0LhANUS6/+7SCb98YOfA==}
    engines: {node: '>=10'}

  yaml@2.8.3:
    resolution: {integrity: sha512-AvbaCLOO2Otw/lW5bmh9d/WEdcDFdQp2Z2ZUH3pX9U2ihyUY0nvLv7J6TrWowklRGPYbB/IuIMfYgxaCPg5Bpg==}
    engines: {node: '>= 14.6'}
    hasBin: true

  yargs-parser@21.1.1:
    resolution: {integrity: sha512-tVpsJW7DdjecAiFpbIB1e3qxIQsE6NoPc5/eTdrbbIC4h0LVsWhnoa3g+m2HclBIujHzsxZ4VJVA+GUuc2/LBw==}
    engines: {node: '>=12'}

  yargs@17.7.2:
    resolution: {integrity: sha512-7dSzzRQ++CKnNI/krKnYRV7JKKPUXMEh61soaHKg9mrWEhzFWhFnxPxGl+69cD1Ou63C13NUPCnmIcrvqCuM6w==}
    engines: {node: '>=12'}

snapshots:

  '@biomejs/biome@2.4.14':
    optionalDependencies:
      '@biomejs/cli-darwin-arm64': 2.4.14
      '@biomejs/cli-darwin-x64': 2.4.14
      '@biomejs/cli-linux-arm64': 2.4.14
      '@biomejs/cli-linux-arm64-musl': 2.4.14
      '@biomejs/cli-linux-x64': 2.4.14
      '@biomejs/cli-linux-x64-musl': 2.4.14
      '@biomejs/cli-win32-arm64': 2.4.14
      '@biomejs/cli-win32-x64': 2.4.14

  '@biomejs/cli-darwin-arm64@2.4.14':
    optional: true

  '@biomejs/cli-darwin-x64@2.4.14':
    optional: true

  '@biomejs/cli-linux-arm64-musl@2.4.14':
    optional: true

  '@biomejs/cli-linux-arm64@2.4.14':
    optional: true

  '@biomejs/cli-linux-x64-musl@2.4.14':
    optional: true

  '@biomejs/cli-linux-x64@2.4.14':
    optional: true

  '@biomejs/cli-win32-arm64@2.4.14':
    optional: true

  '@biomejs/cli-win32-x64@2.4.14':
    optional: true

  '@emnapi/runtime@1.10.0':
    dependencies:
      tslib: 2.8.1
    optional: true

  '@img/colour@1.1.0': {}

  '@img/sharp-darwin-arm64@0.34.5':
    optionalDependencies:
      '@img/sharp-libvips-darwin-arm64': 1.2.4
    optional: true

  '@img/sharp-darwin-x64@0.34.5':
    optionalDependencies:
      '@img/sharp-libvips-darwin-x64': 1.2.4
    optional: true

  '@img/sharp-libvips-darwin-arm64@1.2.4':
    optional: true

  '@img/sharp-libvips-darwin-x64@1.2.4':
    optional: true

  '@img/sharp-libvips-linux-arm64@1.2.4':
    optional: true

  '@img/sharp-libvips-linux-arm@1.2.4':
    optional: true

  '@img/sharp-libvips-linux-ppc64@1.2.4':
    optional: true

  '@img/sharp-libvips-linux-riscv64@1.2.4':
    optional: true

  '@img/sharp-libvips-linux-s390x@1.2.4':
    optional: true

  '@img/sharp-libvips-linux-x64@1.2.4':
    optional: true

  '@img/sharp-libvips-linuxmusl-arm64@1.2.4':
    optional: true

  '@img/sharp-libvips-linuxmusl-x64@1.2.4':
    optional: true

  '@img/sharp-linux-arm64@0.34.5':
    optionalDependencies:
      '@img/sharp-libvips-linux-arm64': 1.2.4
    optional: true

  '@img/sharp-linux-arm@0.34.5':
    optionalDependencies:
      '@img/sharp-libvips-linux-arm': 1.2.4
    optional: true

  '@img/sharp-linux-ppc64@0.34.5':
    optionalDependencies:
      '@img/sharp-libvips-linux-ppc64': 1.2.4
    optional: true

  '@img/sharp-linux-riscv64@0.34.5':
    optionalDependencies:
      '@img/sharp-libvips-linux-riscv64': 1.2.4
    optional: true

  '@img/sharp-linux-s390x@0.34.5':
    optionalDependencies:
      '@img/sharp-libvips-linux-s390x': 1.2.4
    optional: true

  '@img/sharp-linux-x64@0.34.5':
    optionalDependencies:
      '@img/sharp-libvips-linux-x64': 1.2.4
    optional: true

  '@img/sharp-linuxmusl-arm64@0.34.5':
    optionalDependencies:
      '@img/sharp-libvips-linuxmusl-arm64': 1.2.4
    optional: true

  '@img/sharp-linuxmusl-x64@0.34.5':
    optionalDependencies:
      '@img/sharp-libvips-linuxmusl-x64': 1.2.4
    optional: true

  '@img/sharp-wasm32@0.34.5':
    dependencies:
      '@emnapi/runtime': 1.10.0
    optional: true

  '@img/sharp-win32-arm64@0.34.5':
    optional: true

  '@img/sharp-win32-ia32@0.34.5':
    optional: true

  '@img/sharp-win32-x64@0.34.5':
    optional: true

  '@popperjs/core@2.11.8': {}

  '@tabler/core@1.4.0':
    dependencies:
      '@popperjs/core': 2.11.8
      bootstrap: 5.3.7(@popperjs/core@2.11.8)

  '@tabler/icons-webfont@3.34.1':
    dependencies:
      '@tabler/icons': 3.34.1
      sharp: 0.34.5

  '@tabler/icons@3.34.1': {}

  '@turf/boolean-point-in-polygon@7.3.5':
    dependencies:
      '@turf/helpers': 7.3.5
      '@turf/invariant': 7.3.5
      '@types/geojson': 7946.0.16
      point-in-polygon-hao: 1.2.4
      tslib: 2.8.1

  '@turf/helpers@7.3.5':
    dependencies:
      '@types/geojson': 7946.0.16
      tslib: 2.8.1

  '@turf/invariant@7.3.5':
    dependencies:
      '@turf/helpers': 7.3.5
      '@types/geojson': 7946.0.16
      tslib: 2.8.1

  '@tweenjs/tween.js@25.0.0': {}

  '@types/geojson@7946.0.16': {}

  accessor-fn@1.5.3: {}

  ansi-regex@5.0.1: {}

  ansi-styles@4.3.0:
    dependencies:
      color-convert: 2.0.1

  anymatch@3.1.3:
    dependencies:
      normalize-path: 3.0.0
      picomatch: 2.3.2

  binary-extensions@2.3.0: {}

  bootstrap@5.3.7(@popperjs/core@2.11.8):
    dependencies:
      '@popperjs/core': 2.11.8

  braces@3.0.3:
    dependencies:
      fill-range: 7.1.1

  chokidar@3.6.0:
    dependencies:
      anymatch: 3.1.3
      braces: 3.0.3
      glob-parent: 5.1.2
      is-binary-path: 2.1.0
      is-glob: 4.0.3
      normalize-path: 3.0.0
      readdirp: 3.6.0
    optionalDependencies:
      fsevents: 2.3.3

  cliui@8.0.1:
    dependencies:
      string-width: 4.2.3
      strip-ansi: 6.0.1
      wrap-ansi: 7.0.0

  color-convert@2.0.1:
    dependencies:
      color-name: 1.1.4

  color-name@1.1.4: {}

  d3-array@3.2.4:
    dependencies:
      internmap: 2.0.3

  d3-color@3.1.0: {}

  d3-delaunay@6.0.4:
    dependencies:
      delaunator: 5.1.0

  d3-format@3.1.2: {}

  d3-geo-voronoi@2.1.0:
    dependencies:
      d3-array: 3.2.4
      d3-delaunay: 6.0.4
      d3-geo: 3.1.1
      d3-tricontour: 1.1.0

  d3-geo@3.1.1:
    dependencies:
      d3-array: 3.2.4

  d3-interpolate@3.0.1:
    dependencies:
      d3-color: 3.1.0

  d3-octree@1.1.0: {}

  d3-scale-chromatic@3.1.0:
    dependencies:
      d3-color: 3.1.0
      d3-interpolate: 3.0.1

  d3-scale@4.0.2:
    dependencies:
      d3-array: 3.2.4
      d3-format: 3.1.2
      d3-interpolate: 3.0.1
      d3-time: 3.1.0
      d3-time-format: 4.1.0

  d3-time-format@4.1.0:
    dependencies:
      d3-time: 3.1.0

  d3-time@3.1.0:
    dependencies:
      d3-array: 3.2.4

  d3-tricontour@1.1.0:
    dependencies:
      d3-delaunay: 6.0.4
      d3-scale: 4.0.2

  data-bind-mapper@1.0.3:
    dependencies:
      accessor-fn: 1.5.3

  delaunator@5.1.0:
    dependencies:
      robust-predicates: 3.0.3

  dependency-graph@1.0.0: {}

  detect-libc@2.1.2: {}

  earcut@3.0.2: {}

  emoji-regex@8.0.0: {}

  es-errors@1.3.0: {}

  escalade@3.2.0: {}

  fdir@6.5.0(picomatch@4.0.4):
    optionalDependencies:
      picomatch: 4.0.4

  fill-range@7.1.1:
    dependencies:
      to-regex-range: 5.0.1

  flatpickr@4.6.13: {}

  frame-ticker@1.0.3:
    dependencies:
      simplesignal: 2.1.7

  frappe-gantt@1.2.2: {}

  fs-extra@11.3.4:
    dependencies:
      graceful-fs: 4.2.11
      jsonfile: 6.2.1
      universalify: 2.0.1

  fsevents@2.3.3:
    optional: true

  function-bind@1.1.2: {}

  get-caller-file@2.0.5: {}

  glob-parent@5.1.2:
    dependencies:
      is-glob: 4.0.3

  graceful-fs@4.2.11: {}

  h3-js@4.4.0: {}

  hasown@2.0.3:
    dependencies:
      function-bind: 1.1.2

  htmx.org@2.0.8: {}

  index-array-by@1.4.2: {}

  internmap@2.0.3: {}

  is-binary-path@2.1.0:
    dependencies:
      binary-extensions: 2.3.0

  is-core-module@2.16.1:
    dependencies:
      hasown: 2.0.3

  is-extglob@2.1.1: {}

  is-fullwidth-code-point@3.0.0: {}

  is-glob@4.0.3:
    dependencies:
      is-extglob: 2.1.1

  is-number@7.0.0: {}

  jsonfile@6.2.1:
    dependencies:
      universalify: 2.0.1
    optionalDependencies:
      graceful-fs: 4.2.11

  kapsule@1.16.3:
    dependencies:
      lodash-es: 4.18.1

  leaflet-ant-path@1.3.0: {}

  leaflet.fullscreen@5.3.1(leaflet@1.9.4):
    dependencies:
      leaflet: 1.9.4

  leaflet@1.9.4: {}

  lilconfig@3.1.3: {}

  lodash-es@4.18.1: {}

  nanoid@3.3.12: {}

  normalize-path@3.0.0: {}

  path-parse@1.0.7: {}

  photoswipe@5.4.4: {}

  picocolors@1.1.1: {}

  picomatch@2.3.2: {}

  picomatch@4.0.4: {}

  pify@2.3.0: {}

  point-in-polygon-hao@1.2.4:
    dependencies:
      robust-predicates: 3.0.3

  postcss-cli@11.0.1(postcss@8.5.13):
    dependencies:
      chokidar: 3.6.0
      dependency-graph: 1.0.0
      fs-extra: 11.3.4
      picocolors: 1.1.1
      postcss: 8.5.13
      postcss-load-config: 5.1.0(postcss@8.5.13)
      postcss-reporter: 7.1.0(postcss@8.5.13)
      pretty-hrtime: 1.0.3
      read-cache: 1.0.0
      slash: 5.1.0
      tinyglobby: 0.2.16
      yargs: 17.7.2
    transitivePeerDependencies:
      - jiti
      - tsx

  postcss-import@16.1.1(postcss@8.5.13):
    dependencies:
      postcss: 8.5.13
      postcss-value-parser: 4.2.0
      read-cache: 1.0.0
      resolve: 1.22.12

  postcss-load-config@5.1.0(postcss@8.5.13):
    dependencies:
      lilconfig: 3.1.3
      yaml: 2.8.3
    optionalDependencies:
      postcss: 8.5.13

  postcss-reporter@7.1.0(postcss@8.5.13):
    dependencies:
      picocolors: 1.1.1
      postcss: 8.5.13
      thenby: 1.4.1

  postcss-value-parser@4.2.0: {}

  postcss@8.5.13:
    dependencies:
      nanoid: 3.3.12
      picocolors: 1.1.1
      source-map-js: 1.2.1

  pretty-hrtime@1.0.3: {}

  read-cache@1.0.0:
    dependencies:
      pify: 2.3.0

  readdirp@3.6.0:
    dependencies:
      picomatch: 2.3.2

  require-directory@2.1.1: {}

  resolve@1.22.12:
    dependencies:
      es-errors: 1.3.0
      is-core-module: 2.16.1
      path-parse: 1.0.7
      supports-preserve-symlinks-flag: 1.0.0

  robust-predicates@3.0.3: {}

  semver@7.7.4: {}

  sharp@0.34.5:
    dependencies:
      '@img/colour': 1.1.0
      detect-libc: 2.1.2
      semver: 7.7.4
    optionalDependencies:
      '@img/sharp-darwin-arm64': 0.34.5
      '@img/sharp-darwin-x64': 0.34.5
      '@img/sharp-libvips-darwin-arm64': 1.2.4
      '@img/sharp-libvips-darwin-x64': 1.2.4
      '@img/sharp-libvips-linux-arm': 1.2.4
      '@img/sharp-libvips-linux-arm64': 1.2.4
      '@img/sharp-libvips-linux-ppc64': 1.2.4
      '@img/sharp-libvips-linux-riscv64': 1.2.4
      '@img/sharp-libvips-linux-s390x': 1.2.4
      '@img/sharp-libvips-linux-x64': 1.2.4
      '@img/sharp-libvips-linuxmusl-arm64': 1.2.4
      '@img/sharp-libvips-linuxmusl-x64': 1.2.4
      '@img/sharp-linux-arm': 0.34.5
      '@img/sharp-linux-arm64': 0.34.5
      '@img/sharp-linux-ppc64': 0.34.5
      '@img/sharp-linux-riscv64': 0.34.5
      '@img/sharp-linux-s390x': 0.34.5
      '@img/sharp-linux-x64': 0.34.5
      '@img/sharp-linuxmusl-arm64': 0.34.5
      '@img/sharp-linuxmusl-x64': 0.34.5
      '@img/sharp-wasm32': 0.34.5
      '@img/sharp-win32-arm64': 0.34.5
      '@img/sharp-win32-ia32': 0.34.5
      '@img/sharp-win32-x64': 0.34.5

  simplesignal@2.1.7: {}

  slash@5.1.0: {}

  source-map-js@1.2.1: {}

  string-width@4.2.3:
    dependencies:
      emoji-regex: 8.0.0
      is-fullwidth-code-point: 3.0.0
      strip-ansi: 6.0.1

  strip-ansi@6.0.1:
    dependencies:
      ansi-regex: 5.0.1

  supports-preserve-symlinks-flag@1.0.0: {}

  thenby@1.4.1: {}

  three-conic-polygon-geometry@2.1.2(three@0.183.2):
    dependencies:
      '@turf/boolean-point-in-polygon': 7.3.5
      d3-array: 3.2.4
      d3-geo: 3.1.1
      d3-geo-voronoi: 2.1.0
      d3-scale: 4.0.2
      delaunator: 5.1.0
      earcut: 3.0.2
      three: 0.183.2

  three-geojson-geometry@2.1.1(three@0.183.2):
    dependencies:
      d3-geo: 3.1.1
      d3-interpolate: 3.0.1
      earcut: 3.0.2
      three: 0.183.2

  three-globe@2.45.2(three@0.183.2):
    dependencies:
      '@tweenjs/tween.js': 25.0.0
      accessor-fn: 1.5.3
      d3-array: 3.2.4
      d3-color: 3.1.0
      d3-geo: 3.1.1
      d3-interpolate: 3.0.1
      d3-scale: 4.0.2
      d3-scale-chromatic: 3.1.0
      data-bind-mapper: 1.0.3
      frame-ticker: 1.0.3
      h3-js: 4.4.0
      index-array-by: 1.4.2
      kapsule: 1.16.3
      three: 0.183.2
      three-conic-polygon-geometry: 2.1.2(three@0.183.2)
      three-geojson-geometry: 2.1.1(three@0.183.2)
      three-slippy-map-globe: 1.0.6(three@0.183.2)
      tinycolor2: 1.6.0

  three-slippy-map-globe@1.0.6(three@0.183.2):
    dependencies:
      d3-geo: 3.1.1
      d3-octree: 1.1.0
      d3-scale: 4.0.2
      three: 0.183.2

  three@0.183.2: {}

  tinycolor2@1.6.0: {}

  tinyglobby@0.2.16:
    dependencies:
      fdir: 6.5.0(picomatch@4.0.4)
      picomatch: 4.0.4

  to-regex-range@5.0.1:
    dependencies:
      is-number: 7.0.0

  tslib@2.8.1: {}

  universalify@2.0.1: {}

  wrap-ansi@7.0.0:
    dependencies:
      ansi-styles: 4.3.0
      string-width: 4.2.3
      strip-ansi: 6.0.1

  y18n@5.0.8: {}

  yaml@2.8.3: {}

  yargs-parser@21.1.1: {}

  yargs@17.7.2:
    dependencies:
      cliui: 8.0.1
      escalade: 3.2.0
      get-caller-file: 2.0.5
      require-directory: 2.1.1
      string-width: 4.2.3
      y18n: 5.0.8
      yargs-parser: 21.1.1
